
Microsoft Visual Studio Solution File, Format Version 12.00
# Visual Studio Version 17
VisualStudioVersion = 17.11.35327.3
MinimumVisualStudioVersion = 10.0.40219.1
Project("{FAE04EC0-301F-11D3-BF4B-00C04F79EFBC}") = "GDC.EventHost.API", "GDC.EventHost.API\GDC.EventHost.API.csproj", "{956FD11F-9146-4533-987F-354949C53DED}"
EndProject
Project("{FAE04EC0-301F-11D3-BF4B-00C04F79EFBC}") = "GDC.EventHost.Shared", "GDC.EventHost.Shared\GDC.EventHost.Shared.csproj", "{CD1FEDA7-1970-4094-A4F3-B5EEFA1071FA}"
EndProject
Global
	GlobalSection(SolutionConfigurationPlatforms) = preSolution
		Debug|Any CPU = Debug|Any CPU
		Debug|x64 = Debug|x64
		Release|Any CPU = Release|Any CPU
		Release|x64 = Release|x64
	EndGlobalSection
	GlobalSection(ProjectConfigurationPlatforms) = postSolution
		{956FD11F-9146-4533-987F-354949C53DED}.Debug|Any CPU.ActiveCfg = Debug|Any CPU
		{956FD11F-9146-4533-987F-354949C53DED}.Debug|Any CPU.Build.0 = Debug|Any CPU
		{956FD11F-9146-4533-987F-354949C53DED}.Debug|x64.ActiveCfg = Debug|x64
		{956FD11F-9146-4533-987F-354949C53DED}.Debug|x64.Build.0 = Debug|x64
		{956FD11F-9146-4533-987F-354949C53DED}.Release|Any CPU.ActiveCfg = Release|Any CPU
		{956FD11F-9146-4533-987F-354949C53DED}.Release|Any CPU.Build.0 = Release|Any CPU
		{956FD11F-9146-4533-987F-354949C53DED}.Release|x64.ActiveCfg = Release|x64
		{956FD11F-9146-4533-987F-354949C53DED}.Release|x64.Build.0 = Release|x64
		{CD1FEDA7-1970-4094-A4F3-B5EEFA1071FA}.Debug|Any CPU.ActiveCfg = Debug|Any CPU
		{CD1FEDA7-1970-4094-A4F3-B5EEFA1071FA}.Debug|Any CPU.Build.0 = Debug|Any CPU
		{CD1FEDA7-1970-4094-A4F3-B5EEFA1071FA}.Debug|x64.ActiveCfg = Debug|Any CPU
		{CD1FEDA7-1970-4094-A4F3-B5EEFA1071FA}.Debug|x64.Build.0 = Debug|Any CPU
		{CD1FEDA7-1970-4094-A4F3-B5EEFA1071FA}.Release|Any CPU.ActiveCfg = Release|Any CPU
		{CD1FEDA7-1970-4094-A4F3-B5EEFA1071FA}.Release|Any CPU.Build.0 = Release|Any CPU
		{CD1FEDA7-1970-4094-A4F3-B5EEFA1071FA}.Release|x64.ActiveCfg = Release|Any CPU
		{CD1FEDA7-1970-4094-A4F3-B5EEFA1071FA}.Release|x64.Build.0 = Release|Any CPU
	EndGlobalSection
	GlobalSection(SolutionProperties) = preSolution
		HideSolutionNode = FALSE
	EndGlobalSection
	GlobalSection(ExtensibilityGlobals) = postSolution
		SolutionGuid = {AF6C7BEF-F0EE-4C67-B738-01BBE287CEAE}
	EndGlobalSection
EndGlobal
